
Microsoft Visual Studio Solution File, Format Version 12.00
# Visual Studio 15
VisualStudioVersion = 15.0.28307.168
MinimumVisualStudioVersion = 10.0.40219.1
Project("{FAE04EC0-301F-11D3-BF4B-00C04F79EFBC}") = "ConsoleHomework01", "ConsoleHomework01\ConsoleHomework01.csproj", "{825D5326-5279-41E4-9BB7-32505D77E944}"
EndProject
Global
	GlobalSection(SolutionConfigurationPlatforms) = preSolution
		Debug|Any CPU = Debug|Any CPU
		Release|Any CPU = Release|Any CPU
	EndGlobalSection
	GlobalSection(ProjectConfigurationPlatforms) = postSolution
		{825D5326-5279-41E4-9BB7-32505D77E944}.Debug|Any CPU.ActiveCfg = Debug|Any CPU
		{825D5326-5279-41E4-9BB7-32505D77E944}.Debug|Any CPU.Build.0 = Debug|Any CPU
		{825D5326-5279-41E4-9BB7-32505D77E944}.Release|Any CPU.ActiveCfg = Release|Any CPU
		{825D5326-5279-41E4-9BB7-32505D77E944}.Release|Any CPU.Build.0 = Release|Any CPU
	EndGlobalSection
	GlobalSection(SolutionProperties) = preSolution
		HideSolutionNode = FALSE
	EndGlobalSection
	GlobalSection(ExtensibilityGlobals) = postSolution
		SolutionGuid = {243B7031-7B3C-4769-A6E9-3F13EF5CAFF4}
	EndGlobalSection
EndGlobal
