
Microsoft Visual Studio Solution File, Format Version 12.00
# Visual Studio 14
VisualStudioVersion = 14.0.25123.0
MinimumVisualStudioVersion = 10.0.40219.1
Project("{FAE04EC0-301F-11D3-BF4B-00C04F79EFBC}") = "XML02", "XML02\XML02.csproj", "{5E0881DF-4DDB-43F7-9CFA-EB6AA6CBF181}"
EndProject
Global
	GlobalSection(SolutionConfigurationPlatforms) = preSolution
		Debug|Any CPU = Debug|Any CPU
		Release|Any CPU = Release|Any CPU
	EndGlobalSection
	GlobalSection(ProjectConfigurationPlatforms) = postSolution
		{5E0881DF-4DDB-43F7-9CFA-EB6AA6CBF181}.Debug|Any CPU.ActiveCfg = Debug|Any CPU
		{5E0881DF-4DDB-43F7-9CFA-EB6AA6CBF181}.Debug|Any CPU.Build.0 = Debug|Any CPU
		{5E0881DF-4DDB-43F7-9CFA-EB6AA6CBF181}.Release|Any CPU.ActiveCfg = Release|Any CPU
		{5E0881DF-4DDB-43F7-9CFA-EB6AA6CBF181}.Release|Any CPU.Build.0 = Release|Any CPU
	EndGlobalSection
	GlobalSection(SolutionProperties) = preSolution
		HideSolutionNode = FALSE
	EndGlobalSection
EndGlobal
