
Microsoft Visual Studio Solution File, Format Version 12.00
# Visual Studio 15
VisualStudioVersion = 15.0.28307.168
MinimumVisualStudioVersion = 10.0.40219.1
Project("{FAE04EC0-301F-11D3-BF4B-00C04F79EFBC}") = "ConsoleHomework02", "ConsoleHomework02\ConsoleHomework02.csproj", "{9E1E1B9D-71EA-46AB-BFA6-18B8833209DC}"
EndProject
Global
	GlobalSection(SolutionConfigurationPlatforms) = preSolution
		Debug|Any CPU = Debug|Any CPU
		Release|Any CPU = Release|Any CPU
	EndGlobalSection
	GlobalSection(ProjectConfigurationPlatforms) = postSolution
		{9E1E1B9D-71EA-46AB-BFA6-18B8833209DC}.Debug|Any CPU.ActiveCfg = Debug|Any CPU
		{9E1E1B9D-71EA-46AB-BFA6-18B8833209DC}.Debug|Any CPU.Build.0 = Debug|Any CPU
		{9E1E1B9D-71EA-46AB-BFA6-18B8833209DC}.Release|Any CPU.ActiveCfg = Release|Any CPU
		{9E1E1B9D-71EA-46AB-BFA6-18B8833209DC}.Release|Any CPU.Build.0 = Release|Any CPU
	EndGlobalSection
	GlobalSection(SolutionProperties) = preSolution
		HideSolutionNode = FALSE
	EndGlobalSection
	GlobalSection(ExtensibilityGlobals) = postSolution
		SolutionGuid = {47719D6A-C9CF-4C6F-B0E1-472F96EAE77E}
	EndGlobalSection
EndGlobal
