
Microsoft Visual Studio Solution File, Format Version 12.00
# Visual Studio 14
VisualStudioVersion = 14.0.25123.0
MinimumVisualStudioVersion = 10.0.40219.1
Project("{FAE04EC0-301F-11D3-BF4B-00C04F79EFBC}") = "DesignPattern01", "WinForm05\DesignPattern01.csproj", "{9D2AEEC2-996F-49C6-ABF6-36AF32A48800}"
EndProject
Project("{FAE04EC0-301F-11D3-BF4B-00C04F79EFBC}") = "Business", "Business\Business.csproj", "{61C9028B-AB79-4715-9DEF-7FFFE22C91AB}"
EndProject
Global
	GlobalSection(SolutionConfigurationPlatforms) = preSolution
		Debug|Any CPU = Debug|Any CPU
		Release|Any CPU = Release|Any CPU
	EndGlobalSection
	GlobalSection(ProjectConfigurationPlatforms) = postSolution
		{9D2AEEC2-996F-49C6-ABF6-36AF32A48800}.Debug|Any CPU.ActiveCfg = Debug|Any CPU
		{9D2AEEC2-996F-49C6-ABF6-36AF32A48800}.Debug|Any CPU.Build.0 = Debug|Any CPU
		{9D2AEEC2-996F-49C6-ABF6-36AF32A48800}.Release|Any CPU.ActiveCfg = Release|Any CPU
		{9D2AEEC2-996F-49C6-ABF6-36AF32A48800}.Release|Any CPU.Build.0 = Release|Any CPU
		{61C9028B-AB79-4715-9DEF-7FFFE22C91AB}.Debug|Any CPU.ActiveCfg = Debug|Any CPU
		{61C9028B-AB79-4715-9DEF-7FFFE22C91AB}.Debug|Any CPU.Build.0 = Debug|Any CPU
		{61C9028B-AB79-4715-9DEF-7FFFE22C91AB}.Release|Any CPU.ActiveCfg = Release|Any CPU
		{61C9028B-AB79-4715-9DEF-7FFFE22C91AB}.Release|Any CPU.Build.0 = Release|Any CPU
	EndGlobalSection
	GlobalSection(SolutionProperties) = preSolution
		HideSolutionNode = FALSE
	EndGlobalSection
EndGlobal
